{
  "name": "calendar-api",
  "version": "5.0.0",
  "lockfileVersion": 3,
  "requires": true,
  "packages": {
    "": {
      "name": "calendar-api",
      "version": "5.0.0",
      "dependencies": {
        "@ivanphz/workdays-core": "1.0.0"
      }
    },
    "node_modules/@ivanphz/workdays-core": {
      "version": "1.0.0",
      "resolved": "https://npm.pkg.github.com/download/@ivanphz/workdays-core/1.0.0/8cbbf4aec453366db814c8b231b02f2400d0a54e",
      "integrity": "sha512-olUBuquioMM8u3gXL+5hpGHTAFr5UvnweVBZx3vQRYZEtscXuS+HX5NQ1Vvi9I9Cbk5oyx/jiZaiytpSPfmwtg==",
      "license": "UNLICENSED",
      "engines": {
        "node": ">=18"
      }
    }
  }
}
