{
  "name": "calendar-api",
  "version": "6.0.0",
  "lockfileVersion": 3,
  "requires": true,
  "packages": {
    "": {
      "name": "calendar-api",
      "version": "6.0.0",
      "dependencies": {
        "@ivanphz/workdays-core": "1.0.1"
      }
    },
    "node_modules/@ivanphz/workdays-core": {
      "version": "1.0.1",
      "resolved": "https://npm.pkg.github.com/download/@ivanphz/workdays-core/1.0.1/a49edd18cd5bdf15c3f8a4274ec0f7c8b2508396",
      "integrity": "sha512-sws6uOVenyWXwrHGYpeRYxO9wkVMmZuyZ8otWIY6kh6WuX88bsiASOMJ1n1ZeM7+gGb8ZjOL7nracgShRUatNA==",
      "license": "UNLICENSED",
      "engines": {
        "node": ">=18"
      }
    }
  }
}
